
Microsoft Visual Studio Solution File, Format Version 12.00
# Visual Studio Version 16
VisualStudioVersion = 16.0.30413.136
MinimumVisualStudioVersion = 10.0.40219.1
Project("{FAE04EC0-301F-11D3-BF4B-00C04F79EFBC}") = "Menu", "Menu\Menu.csproj", "{4296FC30-A85D-4246-BA67-5A30B5B003D7}"
EndProject
Global
	GlobalSection(SolutionConfigurationPlatforms) = preSolution
		Debug|Any CPU = Debug|Any CPU
		Release|Any CPU = Release|Any CPU
	EndGlobalSection
	GlobalSection(ProjectConfigurationPlatforms) = postSolution
		{4296FC30-A85D-4246-BA67-5A30B5B003D7}.Debug|Any CPU.ActiveCfg = Debug|Any CPU
		{4296FC30-A85D-4246-BA67-5A30B5B003D7}.Debug|Any CPU.Build.0 = Debug|Any CPU
		{4296FC30-A85D-4246-BA67-5A30B5B003D7}.Release|Any CPU.ActiveCfg = Release|Any CPU
		{4296FC30-A85D-4246-BA67-5A30B5B003D7}.Release|Any CPU.Build.0 = Release|Any CPU
	EndGlobalSection
	GlobalSection(SolutionProperties) = preSolution
		HideSolutionNode = FALSE
	EndGlobalSection
	GlobalSection(ExtensibilityGlobals) = postSolution
		SolutionGuid = {96489AEB-67DC-4BCE-A8DA-BB89BC7E68AC}
	EndGlobalSection
EndGlobal
